<?xml version="1.0" encoding="utf-8"?>
<Project ToolsVersion="4.0" xmlns="http://schemas.microsoft.com/developer/msbuild/2003">
  <ItemGroup>
    <Filter Include="assets">
      <UniqueIdentifier>{24240a51-8fdb-478f-8c1c-27cbca7adc3f}</UniqueIdentifier>
      <SourceControlFiles>False</SourceControlFiles>
    </Filter>
    <Filter Include="shaders">
      <UniqueIdentifier>{1d345cf5-0451-42e0-83a8-6a3f5a7203ca}</UniqueIdentifier>
    </Filter>
    <Filter Include="precompiled_headers">
      <UniqueIdentifier>{01a7b8ad-6f1e-486f-b173-7f12ab65fa3d}</UniqueIdentifier>
    </Filter>
    <Filter Include="src">
      <UniqueIdentifier>{1f108145-99cd-448d-a7b9-1e8c476fe812}</UniqueIdentifier>
    </Filter>
  </ItemGroup>
  <ItemGroup>
    <ClCompile Include="src\main.cpp">
      <Filter>src</Filter>
    </ClCompile>
    <ClCompile Include="src\line_importer.cpp">
      <Filter>src</Filter>
    </ClCompile>
  </ItemGroup>
  <ItemGroup>
    <None Include="shaders\billboard_creation.geom">
      <Filter>shaders</Filter>
    </None>
    <None Include="shaders\ray_casting.frag">
      <Filter>shaders</Filter>
    </None>
    <None Include="shaders\passthrough.vert">
      <Filter>shaders</Filter>
    </None>
    <None Include="shaders\sky_gradient.frag">
      <Filter>shaders</Filter>
    </None>
    <None Include="shaders\sky_gradient.vert">
      <Filter>shaders</Filter>
    </None>
    <None Include="shaders\2d_lines.frag">
      <Filter>shaders</Filter>
    </None>
    <None Include="shaders\2d_lines.vert">
      <Filter>shaders</Filter>
    </None>
    <None Include="shaders\shader_structures.glsl">
      <Filter>shaders</Filter>
    </None>
    <None Include="shaders\clear_storage_pass.comp">
      <Filter>shaders</Filter>
    </None>
    <None Include="shaders\kbuffer_resolve.comp">
      <Filter>shaders</Filter>
    </None>
    <None Include="shaders\kbuffer_resolve.frag">
      <Filter>shaders</Filter>
    </None>
    <None Include="shaders\kbuffer_resolve.vert">
      <Filter>shaders</Filter>
    </None>
  </ItemGroup>
  <ItemGroup>
    <ClInclude Include="src\line_importer.h">
      <Filter>src</Filter>
    </ClInclude>
  </ItemGroup>
</Project>